cloud.google.com/go/bigquery v1.44.0/go.mod h1:0Y33VqXTEsbamHJvJHdFmtqHvMIY28aK1+dFsvaChGc=
code.cloudfoundry.org/clock v1.0.0/go.mod h1:QD9Lzhd/ux6eNQVUDVRJX/RKTigpewimNYBi7ivZKY8=
gonum.org/v1/gonum v0.12.0 h1:xKuo6hzt+gMav00meVPUlXwSdoEJP46BR+wdxQEFK2o=
gonum.org/v1/gonum v0.12.0/go.mod h1:73TDxJfAAHeA8Mk9mf8NlIppyhQNo5GLTcYeqgo2lvY=
